
Microsoft Visual Studio Solution File, Format Version 12.00
# Visual Studio 15
VisualStudioVersion = 15.0.28307.168
MinimumVisualStudioVersion = 10.0.40219.1
Project("{FAE04EC0-301F-11D3-BF4B-00C04F79EFBC}") = "App02_TipoPaginaXF.Android", "App02_TipoPaginaXF\App02_TipoPaginaXF.Android\App02_TipoPaginaXF.Android.csproj", "{477F28A2-BDAC-4B2B-8D0B-883EBEB9C0FA}"
EndProject
Project("{FAE04EC0-301F-11D3-BF4B-00C04F79EFBC}") = "App02_TipoPaginaXF.iOS", "App02_TipoPaginaXF\App02_TipoPaginaXF.iOS\App02_TipoPaginaXF.iOS.csproj", "{0EDD518B-A02D-437A-AAB0-1A9B35025AC3}"
EndProject
Project("{FAE04EC0-301F-11D3-BF4B-00C04F79EFBC}") = "App02_TipoPaginaXF", "App02_TipoPaginaXF\App02_TipoPaginaXF\App02_TipoPaginaXF.csproj", "{EBE44AC8-3E4C-41B4-B029-E73C16DB2011}"
EndProject
Global
	GlobalSection(SolutionConfigurationPlatforms) = preSolution
		Ad-Hoc|Any CPU = Ad-Hoc|Any CPU
		Ad-Hoc|iPhone = Ad-Hoc|iPhone
		Ad-Hoc|iPhoneSimulator = Ad-Hoc|iPhoneSimulator
		AppStore|Any CPU = AppStore|Any CPU
		AppStore|iPhone = AppStore|iPhone
		AppStore|iPhoneSimulator = AppStore|iPhoneSimulator
		Debug|Any CPU = Debug|Any CPU
		Debug|iPhone = Debug|iPhone
		Debug|iPhoneSimulator = Debug|iPhoneSimulator
		Release|Any CPU = Release|Any CPU
		Release|iPhone = Release|iPhone
		Release|iPhoneSimulator = Release|iPhoneSimulator
	EndGlobalSection
	GlobalSection(ProjectConfigurationPlatforms) = postSolution
		{477F28A2-BDAC-4B2B-8D0B-883EBEB9C0FA}.Ad-Hoc|Any CPU.ActiveCfg = Release|Any CPU
		{477F28A2-BDAC-4B2B-8D0B-883EBEB9C0FA}.Ad-Hoc|Any CPU.Build.0 = Release|Any CPU
		{477F28A2-BDAC-4B2B-8D0B-883EBEB9C0FA}.Ad-Hoc|Any CPU.Deploy.0 = Release|Any CPU
		{477F28A2-BDAC-4B2B-8D0B-883EBEB9C0FA}.Ad-Hoc|iPhone.ActiveCfg = Release|Any CPU
		{477F28A2-BDAC-4B2B-8D0B-883EBEB9C0FA}.Ad-Hoc|iPhone.Build.0 = Release|Any CPU
		{477F28A2-BDAC-4B2B-8D0B-883EBEB9C0FA}.Ad-Hoc|iPhone.Deploy.0 = Release|Any CPU
		{477F28A2-BDAC-4B2B-8D0B-883EBEB9C0FA}.Ad-Hoc|iPhoneSimulator.ActiveCfg = Release|Any CPU
		{477F28A2-BDAC-4B2B-8D0B-883EBEB9C0FA}.Ad-Hoc|iPhoneSimulator.Build.0 = Release|Any CPU
		{477F28A2-BDAC-4B2B-8D0B-883EBEB9C0FA}.Ad-Hoc|iPhoneSimulator.Deploy.0 = Release|Any CPU
		{477F28A2-BDAC-4B2B-8D0B-883EBEB9C0FA}.AppStore|Any CPU.ActiveCfg = Release|Any CPU
		{477F28A2-BDAC-4B2B-8D0B-883EBEB9C0FA}.AppStore|Any CPU.Build.0 = Release|Any CPU
		{477F28A2-BDAC-4B2B-8D0B-883EBEB9C0FA}.AppStore|Any CPU.Deploy.0 = Release|Any CPU
		{477F28A2-BDAC-4B2B-8D0B-883EBEB9C0FA}.AppStore|iPhone.ActiveCfg = Release|Any CPU
		{477F28A2-BDAC-4B2B-8D0B-883EBEB9C0FA}.AppStore|iPhone.Build.0 = Release|Any CPU
		{477F28A2-BDAC-4B2B-8D0B-883EBEB9C0FA}.AppStore|iPhone.Deploy.0 = Release|Any CPU
		{477F28A2-BDAC-4B2B-8D0B-883EBEB9C0FA}.AppStore|iPhoneSimulator.ActiveCfg = Release|Any CPU
		{477F28A2-BDAC-4B2B-8D0B-883EBEB9C0FA}.AppStore|iPhoneSimulator.Build.0 = Release|Any CPU
		{477F28A2-BDAC-4B2B-8D0B-883EBEB9C0FA}.AppStore|iPhoneSimulator.Deploy.0 = Release|Any CPU
		{477F28A2-BDAC-4B2B-8D0B-883EBEB9C0FA}.Debug|Any CPU.ActiveCfg = Debug|Any CPU
		{477F28A2-BDAC-4B2B-8D0B-883EBEB9C0FA}.Debug|Any CPU.Build.0 = Debug|Any CPU
		{477F28A2-BDAC-4B2B-8D0B-883EBEB9C0FA}.Debug|Any CPU.Deploy.0 = Debug|Any CPU
		{477F28A2-BDAC-4B2B-8D0B-883EBEB9C0FA}.Debug|iPhone.ActiveCfg = Debug|Any CPU
		{477F28A2-BDAC-4B2B-8D0B-883EBEB9C0FA}.Debug|iPhone.Build.0 = Debug|Any CPU
		{477F28A2-BDAC-4B2B-8D0B-883EBEB9C0FA}.Debug|iPhone.Deploy.0 = Debug|Any CPU
		{477F28A2-BDAC-4B2B-8D0B-883EBEB9C0FA}.Debug|iPhoneSimulator.ActiveCfg = Debug|Any CPU
		{477F28A2-BDAC-4B2B-8D0B-883EBEB9C0FA}.Debug|iPhoneSimulator.Build.0 = Debug|Any CPU
		{477F28A2-BDAC-4B2B-8D0B-883EBEB9C0FA}.Debug|iPhoneSimulator.Deploy.0 = Debug|Any CPU
		{477F28A2-BDAC-4B2B-8D0B-883EBEB9C0FA}.Release|Any CPU.ActiveCfg = Release|Any CPU
		{477F28A2-BDAC-4B2B-8D0B-883EBEB9C0FA}.Release|Any CPU.Build.0 = Release|Any CPU
		{477F28A2-BDAC-4B2B-8D0B-883EBEB9C0FA}.Release|Any CPU.Deploy.0 = Release|Any CPU
		{477F28A2-BDAC-4B2B-8D0B-883EBEB9C0FA}.Release|iPhone.ActiveCfg = Release|Any CPU
		{477F28A2-BDAC-4B2B-8D0B-883EBEB9C0FA}.Release|iPhone.Build.0 = Release|Any CPU
		{477F28A2-BDAC-4B2B-8D0B-883EBEB9C0FA}.Release|iPhone.Deploy.0 = Release|Any CPU
		{477F28A2-BDAC-4B2B-8D0B-883EBEB9C0FA}.Release|iPhoneSimulator.ActiveCfg = Release|Any CPU
		{477F28A2-BDAC-4B2B-8D0B-883EBEB9C0FA}.Release|iPhoneSimulator.Build.0 = Release|Any CPU
		{477F28A2-BDAC-4B2B-8D0B-883EBEB9C0FA}.Release|iPhoneSimulator.Deploy.0 = Release|Any CPU
		{0EDD518B-A02D-437A-AAB0-1A9B35025AC3}.Ad-Hoc|Any CPU.ActiveCfg = Ad-Hoc|iPhone
		{0EDD518B-A02D-437A-AAB0-1A9B35025AC3}.Ad-Hoc|Any CPU.Build.0 = Ad-Hoc|iPhone
		{0EDD518B-A02D-437A-AAB0-1A9B35025AC3}.Ad-Hoc|Any CPU.Deploy.0 = Ad-Hoc|iPhone
		{0EDD518B-A02D-437A-AAB0-1A9B35025AC3}.Ad-Hoc|iPhone.ActiveCfg = Ad-Hoc|iPhone
		{0EDD518B-A02D-437A-AAB0-1A9B35025AC3}.Ad-Hoc|iPhone.Build.0 = Ad-Hoc|iPhone
		{0EDD518B-A02D-437A-AAB0-1A9B35025AC3}.Ad-Hoc|iPhone.Deploy.0 = Ad-Hoc|iPhone
		{0EDD518B-A02D-437A-AAB0-1A9B35025AC3}.Ad-Hoc|iPhoneSimulator.ActiveCfg = Ad-Hoc|iPhoneSimulator
		{0EDD518B-A02D-437A-AAB0-1A9B35025AC3}.Ad-Hoc|iPhoneSimulator.Build.0 = Ad-Hoc|iPhoneSimulator
		{0EDD518B-A02D-437A-AAB0-1A9B35025AC3}.Ad-Hoc|iPhoneSimulator.Deploy.0 = Ad-Hoc|iPhoneSimulator
		{0EDD518B-A02D-437A-AAB0-1A9B35025AC3}.AppStore|Any CPU.ActiveCfg = AppStore|iPhone
		{0EDD518B-A02D-437A-AAB0-1A9B35025AC3}.AppStore|Any CPU.Build.0 = AppStore|iPhone
		{0EDD518B-A02D-437A-AAB0-1A9B35025AC3}.AppStore|Any CPU.Deploy.0 = AppStore|iPhone
		{0EDD518B-A02D-437A-AAB0-1A9B35025AC3}.AppStore|iPhone.ActiveCfg = AppStore|iPhone
		{0EDD518B-A02D-437A-AAB0-1A9B35025AC3}.AppStore|iPhone.Build.0 = AppStore|iPhone
		{0EDD518B-A02D-437A-AAB0-1A9B35025AC3}.AppStore|iPhone.Deploy.0 = AppStore|iPhone
		{0EDD518B-A02D-437A-AAB0-1A9B35025AC3}.AppStore|iPhoneSimulator.ActiveCfg = AppStore|iPhoneSimulator
		{0EDD518B-A02D-437A-AAB0-1A9B35025AC3}.AppStore|iPhoneSimulator.Build.0 = AppStore|iPhoneSimulator
		{0EDD518B-A02D-437A-AAB0-1A9B35025AC3}.AppStore|iPhoneSimulator.Deploy.0 = AppStore|iPhoneSimulator
		{0EDD518B-A02D-437A-AAB0-1A9B35025AC3}.Debug|Any CPU.ActiveCfg = Debug|iPhoneSimulator
		{0EDD518B-A02D-437A-AAB0-1A9B35025AC3}.Debug|Any CPU.Build.0 = Debug|iPhoneSimulator
		{0EDD518B-A02D-437A-AAB0-1A9B35025AC3}.Debug|Any CPU.Deploy.0 = Debug|iPhoneSimulator
		{0EDD518B-A02D-437A-AAB0-1A9B35025AC3}.Debug|iPhone.ActiveCfg = Debug|iPhone
		{0EDD518B-A02D-437A-AAB0-1A9B35025AC3}.Debug|iPhone.Build.0 = Debug|iPhone
		{0EDD518B-A02D-437A-AAB0-1A9B35025AC3}.Debug|iPhone.Deploy.0 = Debug|iPhone
		{0EDD518B-A02D-437A-AAB0-1A9B35025AC3}.Debug|iPhoneSimulator.ActiveCfg = Debug|iPhoneSimulator
		{0EDD518B-A02D-437A-AAB0-1A9B35025AC3}.Debug|iPhoneSimulator.Build.0 = Debug|iPhoneSimulator
		{0EDD518B-A02D-437A-AAB0-1A9B35025AC3}.Debug|iPhoneSimulator.Deploy.0 = Debug|iPhoneSimulator
		{0EDD518B-A02D-437A-AAB0-1A9B35025AC3}.Release|Any CPU.ActiveCfg = Release|iPhone
		{0EDD518B-A02D-437A-AAB0-1A9B35025AC3}.Release|Any CPU.Build.0 = Release|iPhone
		{0EDD518B-A02D-437A-AAB0-1A9B35025AC3}.Release|Any CPU.Deploy.0 = Release|iPhone
		{0EDD518B-A02D-437A-AAB0-1A9B35025AC3}.Release|iPhone.ActiveCfg = Release|iPhone
		{0EDD518B-A02D-437A-AAB0-1A9B35025AC3}.Release|iPhone.Build.0 = Release|iPhone
		{0EDD518B-A02D-437A-AAB0-1A9B35025AC3}.Release|iPhone.Deploy.0 = Release|iPhone
		{0EDD518B-A02D-437A-AAB0-1A9B35025AC3}.Release|iPhoneSimulator.ActiveCfg = Release|iPhoneSimulator
		{0EDD518B-A02D-437A-AAB0-1A9B35025AC3}.Release|iPhoneSimulator.Build.0 = Release|iPhoneSimulator
		{0EDD518B-A02D-437A-AAB0-1A9B35025AC3}.Release|iPhoneSimulator.Deploy.0 = Release|iPhoneSimulator
		{EBE44AC8-3E4C-41B4-B029-E73C16DB2011}.Ad-Hoc|Any CPU.ActiveCfg = Debug|Any CPU
		{EBE44AC8-3E4C-41B4-B029-E73C16DB2011}.Ad-Hoc|Any CPU.Build.0 = Debug|Any CPU
		{EBE44AC8-3E4C-41B4-B029-E73C16DB2011}.Ad-Hoc|Any CPU.Deploy.0 = Debug|Any CPU
		{EBE44AC8-3E4C-41B4-B029-E73C16DB2011}.Ad-Hoc|iPhone.ActiveCfg = Debug|Any CPU
		{EBE44AC8-3E4C-41B4-B029-E73C16DB2011}.Ad-Hoc|iPhone.Build.0 = Debug|Any CPU
		{EBE44AC8-3E4C-41B4-B029-E73C16DB2011}.Ad-Hoc|iPhone.Deploy.0 = Debug|Any CPU
		{EBE44AC8-3E4C-41B4-B029-E73C16DB2011}.Ad-Hoc|iPhoneSimulator.ActiveCfg = Debug|Any CPU
		{EBE44AC8-3E4C-41B4-B029-E73C16DB2011}.Ad-Hoc|iPhoneSimulator.Build.0 = Debug|Any CPU
		{EBE44AC8-3E4C-41B4-B029-E73C16DB2011}.Ad-Hoc|iPhoneSimulator.Deploy.0 = Debug|Any CPU
		{EBE44AC8-3E4C-41B4-B029-E73C16DB2011}.AppStore|Any CPU.ActiveCfg = Debug|Any CPU
		{EBE44AC8-3E4C-41B4-B029-E73C16DB2011}.AppStore|Any CPU.Build.0 = Debug|Any CPU
		{EBE44AC8-3E4C-41B4-B029-E73C16DB2011}.AppStore|Any CPU.Deploy.0 = Debug|Any CPU
		{EBE44AC8-3E4C-41B4-B029-E73C16DB2011}.AppStore|iPhone.ActiveCfg = Debug|Any CPU
		{EBE44AC8-3E4C-41B4-B029-E73C16DB2011}.AppStore|iPhone.Build.0 = Debug|Any CPU
		{EBE44AC8-3E4C-41B4-B029-E73C16DB2011}.AppStore|iPhone.Deploy.0 = Debug|Any CPU
		{EBE44AC8-3E4C-41B4-B029-E73C16DB2011}.AppStore|iPhoneSimulator.ActiveCfg = Debug|Any CPU
		{EBE44AC8-3E4C-41B4-B029-E73C16DB2011}.AppStore|iPhoneSimulator.Build.0 = Debug|Any CPU
		{EBE44AC8-3E4C-41B4-B029-E73C16DB2011}.AppStore|iPhoneSimulator.Deploy.0 = Debug|Any CPU
		{EBE44AC8-3E4C-41B4-B029-E73C16DB2011}.Debug|Any CPU.ActiveCfg = Debug|Any CPU
		{EBE44AC8-3E4C-41B4-B029-E73C16DB2011}.Debug|Any CPU.Build.0 = Debug|Any CPU
		{EBE44AC8-3E4C-41B4-B029-E73C16DB2011}.Debug|Any CPU.Deploy.0 = Debug|Any CPU
		{EBE44AC8-3E4C-41B4-B029-E73C16DB2011}.Debug|iPhone.ActiveCfg = Debug|Any CPU
		{EBE44AC8-3E4C-41B4-B029-E73C16DB2011}.Debug|iPhone.Build.0 = Debug|Any CPU
		{EBE44AC8-3E4C-41B4-B029-E73C16DB2011}.Debug|iPhone.Deploy.0 = Debug|Any CPU
		{EBE44AC8-3E4C-41B4-B029-E73C16DB2011}.Debug|iPhoneSimulator.ActiveCfg = Debug|Any CPU
		{EBE44AC8-3E4C-41B4-B029-E73C16DB2011}.Debug|iPhoneSimulator.Build.0 = Debug|Any CPU
		{EBE44AC8-3E4C-41B4-B029-E73C16DB2011}.Debug|iPhoneSimulator.Deploy.0 = Debug|Any CPU
		{EBE44AC8-3E4C-41B4-B029-E73C16DB2011}.Release|Any CPU.ActiveCfg = Release|Any CPU
		{EBE44AC8-3E4C-41B4-B029-E73C16DB2011}.Release|Any CPU.Build.0 = Release|Any CPU
		{EBE44AC8-3E4C-41B4-B029-E73C16DB2011}.Release|Any CPU.Deploy.0 = Release|Any CPU
		{EBE44AC8-3E4C-41B4-B029-E73C16DB2011}.Release|iPhone.ActiveCfg = Release|Any CPU
		{EBE44AC8-3E4C-41B4-B029-E73C16DB2011}.Release|iPhone.Build.0 = Release|Any CPU
		{EBE44AC8-3E4C-41B4-B029-E73C16DB2011}.Release|iPhone.Deploy.0 = Release|Any CPU
		{EBE44AC8-3E4C-41B4-B029-E73C16DB2011}.Release|iPhoneSimulator.ActiveCfg = Release|Any CPU
		{EBE44AC8-3E4C-41B4-B029-E73C16DB2011}.Release|iPhoneSimulator.Build.0 = Release|Any CPU
		{EBE44AC8-3E4C-41B4-B029-E73C16DB2011}.Release|iPhoneSimulator.Deploy.0 = Release|Any CPU
	EndGlobalSection
	GlobalSection(SolutionProperties) = preSolution
		HideSolutionNode = FALSE
	EndGlobalSection
	GlobalSection(ExtensibilityGlobals) = postSolution
		SolutionGuid = {EF2CF8E4-3665-4F74-B249-92DAA47B0193}
	EndGlobalSection
EndGlobal
